
Microsoft Visual Studio Solution File, Format Version 12.00
# Visual Studio Version 17
VisualStudioVersion = 17.4.33205.214
MinimumVisualStudioVersion = 10.0.40219.1
Project("{FAE04EC0-301F-11D3-BF4B-00C04F79EFBC}") = "Algorithm", "Algorithm\Algorithm.csproj", "{B8CAE35B-26C4-447D-B947-DA63FF48FF2B}"
EndProject
Global
	GlobalSection(SolutionConfigurationPlatforms) = preSolution
		Debug|Any CPU = Debug|Any CPU
		Release|Any CPU = Release|Any CPU
	EndGlobalSection
	GlobalSection(ProjectConfigurationPlatforms) = postSolution
		{B8CAE35B-26C4-447D-B947-DA63FF48FF2B}.Debug|Any CPU.ActiveCfg = Debug|Any CPU
		{B8CAE35B-26C4-447D-B947-DA63FF48FF2B}.Debug|Any CPU.Build.0 = Debug|Any CPU
		{B8CAE35B-26C4-447D-B947-DA63FF48FF2B}.Release|Any CPU.ActiveCfg = Release|Any CPU
		{B8CAE35B-26C4-447D-B947-DA63FF48FF2B}.Release|Any CPU.Build.0 = Release|Any CPU
	EndGlobalSection
	GlobalSection(SolutionProperties) = preSolution
		HideSolutionNode = FALSE
	EndGlobalSection
	GlobalSection(ExtensibilityGlobals) = postSolution
		SolutionGuid = {DA636D81-07BD-403E-A171-FF5CA09B764F}
	EndGlobalSection
EndGlobal
